
Microsoft Visual Studio Solution File, Format Version 12.00
# Visual Studio 15
VisualStudioVersion = 15.0.28307.102
MinimumVisualStudioVersion = 10.0.40219.1
Project("{FAE04EC0-301F-11D3-BF4B-00C04F79EFBC}") = "Aes_Sifre", "..\..\..\..\source\repos\Aes_Sifre\Aes_Sifre\Aes_Sifre.csproj", "{ED384E4F-EC6F-48E5-923C-9B37D77CA8D9}"
EndProject
Project("{FAE04EC0-301F-11D3-BF4B-00C04F79EFBC}") = "NSHW", "..\..\..\NSHW\NSHW.csproj", "{C4830814-4B69-4040-BB47-46CED11A567B}"
EndProject
Global
	GlobalSection(SolutionConfigurationPlatforms) = preSolution
		Debug|Any CPU = Debug|Any CPU
		Release|Any CPU = Release|Any CPU
	EndGlobalSection
	GlobalSection(ProjectConfigurationPlatforms) = postSolution
		{ED384E4F-EC6F-48E5-923C-9B37D77CA8D9}.Debug|Any CPU.ActiveCfg = Debug|Any CPU
		{ED384E4F-EC6F-48E5-923C-9B37D77CA8D9}.Debug|Any CPU.Build.0 = Debug|Any CPU
		{ED384E4F-EC6F-48E5-923C-9B37D77CA8D9}.Release|Any CPU.ActiveCfg = Release|Any CPU
		{ED384E4F-EC6F-48E5-923C-9B37D77CA8D9}.Release|Any CPU.Build.0 = Release|Any CPU
		{C4830814-4B69-4040-BB47-46CED11A567B}.Debug|Any CPU.ActiveCfg = Debug|Any CPU
		{C4830814-4B69-4040-BB47-46CED11A567B}.Debug|Any CPU.Build.0 = Debug|Any CPU
		{C4830814-4B69-4040-BB47-46CED11A567B}.Release|Any CPU.ActiveCfg = Release|Any CPU
		{C4830814-4B69-4040-BB47-46CED11A567B}.Release|Any CPU.Build.0 = Release|Any CPU
	EndGlobalSection
	GlobalSection(SolutionProperties) = preSolution
		HideSolutionNode = FALSE
	EndGlobalSection
	GlobalSection(ExtensibilityGlobals) = postSolution
		SolutionGuid = {8010B197-C1FF-4502-82AB-418E0FC62F0F}
	EndGlobalSection
EndGlobal
